
Microsoft Visual Studio Solution File, Format Version 12.00
# Visual Studio Version 17
VisualStudioVersion = 17.5.002.0
MinimumVisualStudioVersion = 10.0.40219.1
Project("{9A19103F-16F7-4668-BE54-9A1E7A4F7556}") = "Grupparbete", "Grupparbete.csproj", "{EDB45128-1737-4001-B328-8E7A27DF7B3C}"
EndProject
Global
	GlobalSection(SolutionConfigurationPlatforms) = preSolution
		Debug|Any CPU = Debug|Any CPU
		Release|Any CPU = Release|Any CPU
	EndGlobalSection
	GlobalSection(ProjectConfigurationPlatforms) = postSolution
		{EDB45128-1737-4001-B328-8E7A27DF7B3C}.Debug|Any CPU.ActiveCfg = Debug|Any CPU
		{EDB45128-1737-4001-B328-8E7A27DF7B3C}.Debug|Any CPU.Build.0 = Debug|Any CPU
		{EDB45128-1737-4001-B328-8E7A27DF7B3C}.Release|Any CPU.ActiveCfg = Release|Any CPU
		{EDB45128-1737-4001-B328-8E7A27DF7B3C}.Release|Any CPU.Build.0 = Release|Any CPU
	EndGlobalSection
	GlobalSection(SolutionProperties) = preSolution
		HideSolutionNode = FALSE
	EndGlobalSection
	GlobalSection(ExtensibilityGlobals) = postSolution
		SolutionGuid = {CC51C661-64CC-43E8-97AA-2A97183B2610}
	EndGlobalSection
EndGlobal
